
Microsoft Visual Studio Solution File, Format Version 12.00
# Visual Studio 15
VisualStudioVersion = 15.0.28010.2046
MinimumVisualStudioVersion = 10.0.40219.1
Project("{FAE04EC0-301F-11D3-BF4B-00C04F79EFBC}") = "WinForms_SimpleCalculator", "WindowsFormsApplication1\WinForms_SimpleCalculator.csproj", "{8C6AECBE-49FD-4150-9AE9-0B5BF6E95B32}"
EndProject
Global
	GlobalSection(SolutionConfigurationPlatforms) = preSolution
		Debug|Any CPU = Debug|Any CPU
		Release|Any CPU = Release|Any CPU
	EndGlobalSection
	GlobalSection(ProjectConfigurationPlatforms) = postSolution
		{8C6AECBE-49FD-4150-9AE9-0B5BF6E95B32}.Debug|Any CPU.ActiveCfg = Debug|Any CPU
		{8C6AECBE-49FD-4150-9AE9-0B5BF6E95B32}.Debug|Any CPU.Build.0 = Debug|Any CPU
		{8C6AECBE-49FD-4150-9AE9-0B5BF6E95B32}.Release|Any CPU.ActiveCfg = Release|Any CPU
		{8C6AECBE-49FD-4150-9AE9-0B5BF6E95B32}.Release|Any CPU.Build.0 = Release|Any CPU
	EndGlobalSection
	GlobalSection(SolutionProperties) = preSolution
		HideSolutionNode = FALSE
	EndGlobalSection
	GlobalSection(ExtensibilityGlobals) = postSolution
		SolutionGuid = {EF7B072A-81EE-4518-B793-449A112D6B4E}
	EndGlobalSection
EndGlobal
